
Microsoft Visual Studio Solution File, Format Version 12.00
# Visual Studio 14
VisualStudioVersion = 14.0.25420.1
MinimumVisualStudioVersion = 10.0.40219.1
Project("{FAE04EC0-301F-11D3-BF4B-00C04F79EFBC}") = "BCMWeb", "BCMWeb\BCMWeb.csproj", "{C5A82B0B-0351-4EA5-825B-15FD2125FA8A}"
EndProject
Project("{FAE04EC0-301F-11D3-BF4B-00C04F79EFBC}") = "BCMWebApp.Droid", "BCMWebApp\BCMWebApp.Droid\BCMWebApp.Droid.csproj", "{82B46F77-08FB-4A21-A08F-C5EF7E46B74B}"
EndProject
Project("{FAE04EC0-301F-11D3-BF4B-00C04F79EFBC}") = "BCMWebApp.iOS", "BCMWebApp\BCMWebApp.iOS\BCMWebApp.iOS.csproj", "{0089A1F7-6E68-46DA-AA48-5E35FEC75B6C}"
EndProject
Project("{FAE04EC0-301F-11D3-BF4B-00C04F79EFBC}") = "BCMWebApp.WinPhone", "BCMWebApp\BCMWebApp.WinPhone\BCMWebApp.WinPhone.csproj", "{A4D15AC1-4C90-4692-982A-1454443AC2B2}"
EndProject
Project("{FAE04EC0-301F-11D3-BF4B-00C04F79EFBC}") = "BCMWebApp", "BCMWebApp\BCMWebApp\BCMWebApp.csproj", "{F2F03AA7-B430-4F46-BA5A-56AD8AB1BC50}"
EndProject
Global
	GlobalSection(SolutionConfigurationPlatforms) = preSolution
		Debug|Any CPU = Debug|Any CPU
		Debug|ARM = Debug|ARM
		Debug|iPhone = Debug|iPhone
		Debug|iPhoneSimulator = Debug|iPhoneSimulator
		Debug|x86 = Debug|x86
		Release|Any CPU = Release|Any CPU
		Release|ARM = Release|ARM
		Release|iPhone = Release|iPhone
		Release|iPhoneSimulator = Release|iPhoneSimulator
		Release|x86 = Release|x86
	EndGlobalSection
	GlobalSection(ProjectConfigurationPlatforms) = postSolution
		{C5A82B0B-0351-4EA5-825B-15FD2125FA8A}.Debug|Any CPU.ActiveCfg = Debug|Any CPU
		{C5A82B0B-0351-4EA5-825B-15FD2125FA8A}.Debug|Any CPU.Build.0 = Debug|Any CPU
		{C5A82B0B-0351-4EA5-825B-15FD2125FA8A}.Debug|ARM.ActiveCfg = Debug|Any CPU
		{C5A82B0B-0351-4EA5-825B-15FD2125FA8A}.Debug|ARM.Build.0 = Debug|Any CPU
		{C5A82B0B-0351-4EA5-825B-15FD2125FA8A}.Debug|iPhone.ActiveCfg = Debug|Any CPU
		{C5A82B0B-0351-4EA5-825B-15FD2125FA8A}.Debug|iPhone.Build.0 = Debug|Any CPU
		{C5A82B0B-0351-4EA5-825B-15FD2125FA8A}.Debug|iPhoneSimulator.ActiveCfg = Debug|Any CPU
		{C5A82B0B-0351-4EA5-825B-15FD2125FA8A}.Debug|iPhoneSimulator.Build.0 = Debug|Any CPU
		{C5A82B0B-0351-4EA5-825B-15FD2125FA8A}.Debug|x86.ActiveCfg = Debug|Any CPU
		{C5A82B0B-0351-4EA5-825B-15FD2125FA8A}.Debug|x86.Build.0 = Debug|Any CPU
		{C5A82B0B-0351-4EA5-825B-15FD2125FA8A}.Release|Any CPU.ActiveCfg = Release|Any CPU
		{C5A82B0B-0351-4EA5-825B-15FD2125FA8A}.Release|Any CPU.Build.0 = Release|Any CPU
		{C5A82B0B-0351-4EA5-825B-15FD2125FA8A}.Release|ARM.ActiveCfg = Release|Any CPU
		{C5A82B0B-0351-4EA5-825B-15FD2125FA8A}.Release|ARM.Build.0 = Release|Any CPU
		{C5A82B0B-0351-4EA5-825B-15FD2125FA8A}.Release|iPhone.ActiveCfg = Release|Any CPU
		{C5A82B0B-0351-4EA5-825B-15FD2125FA8A}.Release|iPhone.Build.0 = Release|Any CPU
		{C5A82B0B-0351-4EA5-825B-15FD2125FA8A}.Release|iPhoneSimulator.ActiveCfg = Release|Any CPU
		{C5A82B0B-0351-4EA5-825B-15FD2125FA8A}.Release|iPhoneSimulator.Build.0 = Release|Any CPU
		{C5A82B0B-0351-4EA5-825B-15FD2125FA8A}.Release|x86.ActiveCfg = Release|Any CPU
		{C5A82B0B-0351-4EA5-825B-15FD2125FA8A}.Release|x86.Build.0 = Release|Any CPU
		{82B46F77-08FB-4A21-A08F-C5EF7E46B74B}.Debug|Any CPU.ActiveCfg = Debug|Any CPU
		{82B46F77-08FB-4A21-A08F-C5EF7E46B74B}.Debug|Any CPU.Build.0 = Debug|Any CPU
		{82B46F77-08FB-4A21-A08F-C5EF7E46B74B}.Debug|Any CPU.Deploy.0 = Debug|Any CPU
		{82B46F77-08FB-4A21-A08F-C5EF7E46B74B}.Debug|ARM.ActiveCfg = Debug|Any CPU
		{82B46F77-08FB-4A21-A08F-C5EF7E46B74B}.Debug|ARM.Build.0 = Debug|Any CPU
		{82B46F77-08FB-4A21-A08F-C5EF7E46B74B}.Debug|ARM.Deploy.0 = Debug|Any CPU
		{82B46F77-08FB-4A21-A08F-C5EF7E46B74B}.Debug|iPhone.ActiveCfg = Debug|Any CPU
		{82B46F77-08FB-4A21-A08F-C5EF7E46B74B}.Debug|iPhone.Build.0 = Debug|Any CPU
		{82B46F77-08FB-4A21-A08F-C5EF7E46B74B}.Debug|iPhone.Deploy.0 = Debug|Any CPU
		{82B46F77-08FB-4A21-A08F-C5EF7E46B74B}.Debug|iPhoneSimulator.ActiveCfg = Debug|Any CPU
		{82B46F77-08FB-4A21-A08F-C5EF7E46B74B}.Debug|iPhoneSimulator.Build.0 = Debug|Any CPU
		{82B46F77-08FB-4A21-A08F-C5EF7E46B74B}.Debug|iPhoneSimulator.Deploy.0 = Debug|Any CPU
		{82B46F77-08FB-4A21-A08F-C5EF7E46B74B}.Debug|x86.ActiveCfg = Debug|Any CPU
		{82B46F77-08FB-4A21-A08F-C5EF7E46B74B}.Debug|x86.Build.0 = Debug|Any CPU
		{82B46F77-08FB-4A21-A08F-C5EF7E46B74B}.Debug|x86.Deploy.0 = Debug|Any CPU
		{82B46F77-08FB-4A21-A08F-C5EF7E46B74B}.Release|Any CPU.ActiveCfg = Release|Any CPU
		{82B46F77-08FB-4A21-A08F-C5EF7E46B74B}.Release|Any CPU.Build.0 = Release|Any CPU
		{82B46F77-08FB-4A21-A08F-C5EF7E46B74B}.Release|Any CPU.Deploy.0 = Release|Any CPU
		{82B46F77-08FB-4A21-A08F-C5EF7E46B74B}.Release|ARM.ActiveCfg = Release|Any CPU
		{82B46F77-08FB-4A21-A08F-C5EF7E46B74B}.Release|ARM.Build.0 = Release|Any CPU
		{82B46F77-08FB-4A21-A08F-C5EF7E46B74B}.Release|ARM.Deploy.0 = Release|Any CPU
		{82B46F77-08FB-4A21-A08F-C5EF7E46B74B}.Release|iPhone.ActiveCfg = Release|Any CPU
		{82B46F77-08FB-4A21-A08F-C5EF7E46B74B}.Release|iPhone.Build.0 = Release|Any CPU
		{82B46F77-08FB-4A21-A08F-C5EF7E46B74B}.Release|iPhone.Deploy.0 = Release|Any CPU
		{82B46F77-08FB-4A21-A08F-C5EF7E46B74B}.Release|iPhoneSimulator.ActiveCfg = Release|Any CPU
		{82B46F77-08FB-4A21-A08F-C5EF7E46B74B}.Release|iPhoneSimulator.Build.0 = Release|Any CPU
		{82B46F77-08FB-4A21-A08F-C5EF7E46B74B}.Release|iPhoneSimulator.Deploy.0 = Release|Any CPU
		{82B46F77-08FB-4A21-A08F-C5EF7E46B74B}.Release|x86.ActiveCfg = Release|Any CPU
		{82B46F77-08FB-4A21-A08F-C5EF7E46B74B}.Release|x86.Build.0 = Release|Any CPU
		{82B46F77-08FB-4A21-A08F-C5EF7E46B74B}.Release|x86.Deploy.0 = Release|Any CPU
		{0089A1F7-6E68-46DA-AA48-5E35FEC75B6C}.Debug|Any CPU.ActiveCfg = Debug|iPhone
		{0089A1F7-6E68-46DA-AA48-5E35FEC75B6C}.Debug|ARM.ActiveCfg = Debug|iPhone
		{0089A1F7-6E68-46DA-AA48-5E35FEC75B6C}.Debug|iPhone.ActiveCfg = Debug|iPhone
		{0089A1F7-6E68-46DA-AA48-5E35FEC75B6C}.Debug|iPhone.Build.0 = Debug|iPhone
		{0089A1F7-6E68-46DA-AA48-5E35FEC75B6C}.Debug|iPhoneSimulator.ActiveCfg = Debug|iPhoneSimulator
		{0089A1F7-6E68-46DA-AA48-5E35FEC75B6C}.Debug|iPhoneSimulator.Build.0 = Debug|iPhoneSimulator
		{0089A1F7-6E68-46DA-AA48-5E35FEC75B6C}.Debug|x86.ActiveCfg = Debug|iPhone
		{0089A1F7-6E68-46DA-AA48-5E35FEC75B6C}.Release|Any CPU.ActiveCfg = Release|iPhone
		{0089A1F7-6E68-46DA-AA48-5E35FEC75B6C}.Release|ARM.ActiveCfg = Release|iPhone
		{0089A1F7-6E68-46DA-AA48-5E35FEC75B6C}.Release|iPhone.ActiveCfg = Release|iPhone
		{0089A1F7-6E68-46DA-AA48-5E35FEC75B6C}.Release|iPhone.Build.0 = Release|iPhone
		{0089A1F7-6E68-46DA-AA48-5E35FEC75B6C}.Release|iPhoneSimulator.ActiveCfg = Release|iPhoneSimulator
		{0089A1F7-6E68-46DA-AA48-5E35FEC75B6C}.Release|iPhoneSimulator.Build.0 = Release|iPhoneSimulator
		{0089A1F7-6E68-46DA-AA48-5E35FEC75B6C}.Release|x86.ActiveCfg = Release|iPhone
		{A4D15AC1-4C90-4692-982A-1454443AC2B2}.Debug|Any CPU.ActiveCfg = Debug|Any CPU
		{A4D15AC1-4C90-4692-982A-1454443AC2B2}.Debug|Any CPU.Build.0 = Debug|Any CPU
		{A4D15AC1-4C90-4692-982A-1454443AC2B2}.Debug|Any CPU.Deploy.0 = Debug|Any CPU
		{A4D15AC1-4C90-4692-982A-1454443AC2B2}.Debug|ARM.ActiveCfg = Debug|ARM
		{A4D15AC1-4C90-4692-982A-1454443AC2B2}.Debug|ARM.Build.0 = Debug|ARM
		{A4D15AC1-4C90-4692-982A-1454443AC2B2}.Debug|ARM.Deploy.0 = Debug|ARM
		{A4D15AC1-4C90-4692-982A-1454443AC2B2}.Debug|iPhone.ActiveCfg = Debug|Any CPU
		{A4D15AC1-4C90-4692-982A-1454443AC2B2}.Debug|iPhone.Build.0 = Debug|Any CPU
		{A4D15AC1-4C90-4692-982A-1454443AC2B2}.Debug|iPhone.Deploy.0 = Debug|Any CPU
		{A4D15AC1-4C90-4692-982A-1454443AC2B2}.Debug|iPhoneSimulator.ActiveCfg = Debug|Any CPU
		{A4D15AC1-4C90-4692-982A-1454443AC2B2}.Debug|iPhoneSimulator.Build.0 = Debug|Any CPU
		{A4D15AC1-4C90-4692-982A-1454443AC2B2}.Debug|iPhoneSimulator.Deploy.0 = Debug|Any CPU
		{A4D15AC1-4C90-4692-982A-1454443AC2B2}.Debug|x86.ActiveCfg = Debug|x86
		{A4D15AC1-4C90-4692-982A-1454443AC2B2}.Debug|x86.Build.0 = Debug|x86
		{A4D15AC1-4C90-4692-982A-1454443AC2B2}.Debug|x86.Deploy.0 = Debug|x86
		{A4D15AC1-4C90-4692-982A-1454443AC2B2}.Release|Any CPU.ActiveCfg = Release|Any CPU
		{A4D15AC1-4C90-4692-982A-1454443AC2B2}.Release|Any CPU.Build.0 = Release|Any CPU
		{A4D15AC1-4C90-4692-982A-1454443AC2B2}.Release|Any CPU.Deploy.0 = Release|Any CPU
		{A4D15AC1-4C90-4692-982A-1454443AC2B2}.Release|ARM.ActiveCfg = Release|ARM
		{A4D15AC1-4C90-4692-982A-1454443AC2B2}.Release|ARM.Build.0 = Release|ARM
		{A4D15AC1-4C90-4692-982A-1454443AC2B2}.Release|ARM.Deploy.0 = Release|ARM
		{A4D15AC1-4C90-4692-982A-1454443AC2B2}.Release|iPhone.ActiveCfg = Release|Any CPU
		{A4D15AC1-4C90-4692-982A-1454443AC2B2}.Release|iPhone.Build.0 = Release|Any CPU
		{A4D15AC1-4C90-4692-982A-1454443AC2B2}.Release|iPhone.Deploy.0 = Release|Any CPU
		{A4D15AC1-4C90-4692-982A-1454443AC2B2}.Release|iPhoneSimulator.ActiveCfg = Release|Any CPU
		{A4D15AC1-4C90-4692-982A-1454443AC2B2}.Release|iPhoneSimulator.Build.0 = Release|Any CPU
		{A4D15AC1-4C90-4692-982A-1454443AC2B2}.Release|iPhoneSimulator.Deploy.0 = Release|Any CPU
		{A4D15AC1-4C90-4692-982A-1454443AC2B2}.Release|x86.ActiveCfg = Release|x86
		{A4D15AC1-4C90-4692-982A-1454443AC2B2}.Release|x86.Build.0 = Release|x86
		{A4D15AC1-4C90-4692-982A-1454443AC2B2}.Release|x86.Deploy.0 = Release|x86
		{F2F03AA7-B430-4F46-BA5A-56AD8AB1BC50}.Debug|Any CPU.ActiveCfg = Debug|Any CPU
		{F2F03AA7-B430-4F46-BA5A-56AD8AB1BC50}.Debug|Any CPU.Build.0 = Debug|Any CPU
		{F2F03AA7-B430-4F46-BA5A-56AD8AB1BC50}.Debug|ARM.ActiveCfg = Debug|Any CPU
		{F2F03AA7-B430-4F46-BA5A-56AD8AB1BC50}.Debug|ARM.Build.0 = Debug|Any CPU
		{F2F03AA7-B430-4F46-BA5A-56AD8AB1BC50}.Debug|iPhone.ActiveCfg = Debug|Any CPU
		{F2F03AA7-B430-4F46-BA5A-56AD8AB1BC50}.Debug|iPhone.Build.0 = Debug|Any CPU
		{F2F03AA7-B430-4F46-BA5A-56AD8AB1BC50}.Debug|iPhoneSimulator.ActiveCfg = Debug|Any CPU
		{F2F03AA7-B430-4F46-BA5A-56AD8AB1BC50}.Debug|iPhoneSimulator.Build.0 = Debug|Any CPU
		{F2F03AA7-B430-4F46-BA5A-56AD8AB1BC50}.Debug|x86.ActiveCfg = Debug|Any CPU
		{F2F03AA7-B430-4F46-BA5A-56AD8AB1BC50}.Debug|x86.Build.0 = Debug|Any CPU
		{F2F03AA7-B430-4F46-BA5A-56AD8AB1BC50}.Release|Any CPU.ActiveCfg = Release|Any CPU
		{F2F03AA7-B430-4F46-BA5A-56AD8AB1BC50}.Release|Any CPU.Build.0 = Release|Any CPU
		{F2F03AA7-B430-4F46-BA5A-56AD8AB1BC50}.Release|ARM.ActiveCfg = Release|Any CPU
		{F2F03AA7-B430-4F46-BA5A-56AD8AB1BC50}.Release|ARM.Build.0 = Release|Any CPU
		{F2F03AA7-B430-4F46-BA5A-56AD8AB1BC50}.Release|iPhone.ActiveCfg = Release|Any CPU
		{F2F03AA7-B430-4F46-BA5A-56AD8AB1BC50}.Release|iPhone.Build.0 = Release|Any CPU
		{F2F03AA7-B430-4F46-BA5A-56AD8AB1BC50}.Release|iPhoneSimulator.ActiveCfg = Release|Any CPU
		{F2F03AA7-B430-4F46-BA5A-56AD8AB1BC50}.Release|iPhoneSimulator.Build.0 = Release|Any CPU
		{F2F03AA7-B430-4F46-BA5A-56AD8AB1BC50}.Release|x86.ActiveCfg = Release|Any CPU
		{F2F03AA7-B430-4F46-BA5A-56AD8AB1BC50}.Release|x86.Build.0 = Release|Any CPU
	EndGlobalSection
	GlobalSection(SolutionProperties) = preSolution
		HideSolutionNode = FALSE
	EndGlobalSection
EndGlobal
